
Microsoft Visual Studio Solution File, Format Version 12.00
# Visual Studio Version 16
VisualStudioVersion = 16.0.29201.188
MinimumVisualStudioVersion = 15.0.26124.0
Project("{9A19103F-16F7-4668-BE54-9A1E7A4F7556}") = "IdentityServer", "IdentityServer\IdentityServer.csproj", "{52E0389C-3977-475A-BA80-2EB81DC99CC0}"
EndProject
Project("{9A19103F-16F7-4668-BE54-9A1E7A4F7556}") = "Api", "Api\Api.csproj", "{E7CAFE06-A6A8-44B1-A6E6-E73D3F415B73}"
EndProject
Project("{9A19103F-16F7-4668-BE54-9A1E7A4F7556}") = "Client", "Client\Client.csproj", "{04A3A021-7F68-40CC-9643-515082C25E94}"
EndProject
Project("{2150E333-8FDC-42A3-9474-1A3956D46DE8}") = "builds", "builds", "{AD65912A-0E9E-4915-89A5-369A692597C3}"
	ProjectSection(SolutionItems) = preProject
		Api_Build.yml = Api_Build.yml
		IdentityServer_Build.yml = IdentityServer_Build.yml
	EndProjectSection
EndProject
Project("{2150E333-8FDC-42A3-9474-1A3956D46DE8}") = "AzureDeploys", "AzureDeploys", "{29EC4E4A-0882-4018-AA17-7F89CA6C1411}"
EndProject
Project("{2150E333-8FDC-42A3-9474-1A3956D46DE8}") = "IdentityServer", "IdentityServer", "{403D3749-1C63-4A24-A482-92955D266CEF}"
	ProjectSection(SolutionItems) = preProject
		lilipudra-ids_azure-deploy-script\deploy.ps1 = lilipudra-ids_azure-deploy-script\deploy.ps1
		lilipudra-ids_azure-deploy-script\deploy.sh = lilipudra-ids_azure-deploy-script\deploy.sh
		lilipudra-ids_azure-deploy-script\deployer.rb = lilipudra-ids_azure-deploy-script\deployer.rb
		lilipudra-ids_azure-deploy-script\parameters.json = lilipudra-ids_azure-deploy-script\parameters.json
		lilipudra-ids_azure-deploy-script\template.json = lilipudra-ids_azure-deploy-script\template.json
	EndProjectSection
EndProject
Project("{2150E333-8FDC-42A3-9474-1A3956D46DE8}") = "Api", "Api", "{B348E722-D3FD-4485-BC78-8F85E4010A7C}"
	ProjectSection(SolutionItems) = preProject
		lilipudra-api_azure-deploy-script\deploy.ps1 = lilipudra-api_azure-deploy-script\deploy.ps1
		lilipudra-api_azure-deploy-script\deploy.sh = lilipudra-api_azure-deploy-script\deploy.sh
		lilipudra-api_azure-deploy-script\deployer.rb = lilipudra-api_azure-deploy-script\deployer.rb
		lilipudra-api_azure-deploy-script\parameters.json = lilipudra-api_azure-deploy-script\parameters.json
		lilipudra-api_azure-deploy-script\template.json = lilipudra-api_azure-deploy-script\template.json
	EndProjectSection
EndProject
Project("{9A19103F-16F7-4668-BE54-9A1E7A4F7556}") = "IdentityServerAspNetIdentity", "IdentityServerAspNetIdentity\IdentityServerAspNetIdentity.csproj", "{1C3C8CFB-DFA5-4626-9FAD-3134745AF72C}"
EndProject
Global
	GlobalSection(SolutionConfigurationPlatforms) = preSolution
		Api_Release|Any CPU = Api_Release|Any CPU
		Api_Release|x64 = Api_Release|x64
		Api_Release|x86 = Api_Release|x86
		Debug|Any CPU = Debug|Any CPU
		Debug|x64 = Debug|x64
		Debug|x86 = Debug|x86
		IdentityServer_Release|Any CPU = IdentityServer_Release|Any CPU
		IdentityServer_Release|x64 = IdentityServer_Release|x64
		IdentityServer_Release|x86 = IdentityServer_Release|x86
		Release|Any CPU = Release|Any CPU
		Release|x64 = Release|x64
		Release|x86 = Release|x86
	EndGlobalSection
	GlobalSection(ProjectConfigurationPlatforms) = postSolution
		{52E0389C-3977-475A-BA80-2EB81DC99CC0}.Api_Release|Any CPU.ActiveCfg = Release|Any CPU
		{52E0389C-3977-475A-BA80-2EB81DC99CC0}.Api_Release|x64.ActiveCfg = Release|Any CPU
		{52E0389C-3977-475A-BA80-2EB81DC99CC0}.Api_Release|x64.Build.0 = Release|Any CPU
		{52E0389C-3977-475A-BA80-2EB81DC99CC0}.Api_Release|x86.ActiveCfg = Release|Any CPU
		{52E0389C-3977-475A-BA80-2EB81DC99CC0}.Api_Release|x86.Build.0 = Release|Any CPU
		{52E0389C-3977-475A-BA80-2EB81DC99CC0}.Debug|Any CPU.ActiveCfg = Debug|Any CPU
		{52E0389C-3977-475A-BA80-2EB81DC99CC0}.Debug|Any CPU.Build.0 = Debug|Any CPU
		{52E0389C-3977-475A-BA80-2EB81DC99CC0}.Debug|x64.ActiveCfg = Debug|Any CPU
		{52E0389C-3977-475A-BA80-2EB81DC99CC0}.Debug|x64.Build.0 = Debug|Any CPU
		{52E0389C-3977-475A-BA80-2EB81DC99CC0}.Debug|x86.ActiveCfg = Debug|Any CPU
		{52E0389C-3977-475A-BA80-2EB81DC99CC0}.Debug|x86.Build.0 = Debug|Any CPU
		{52E0389C-3977-475A-BA80-2EB81DC99CC0}.IdentityServer_Release|Any CPU.ActiveCfg = Release|Any CPU
		{52E0389C-3977-475A-BA80-2EB81DC99CC0}.IdentityServer_Release|Any CPU.Build.0 = Release|Any CPU
		{52E0389C-3977-475A-BA80-2EB81DC99CC0}.IdentityServer_Release|x64.ActiveCfg = Release|Any CPU
		{52E0389C-3977-475A-BA80-2EB81DC99CC0}.IdentityServer_Release|x64.Build.0 = Release|Any CPU
		{52E0389C-3977-475A-BA80-2EB81DC99CC0}.IdentityServer_Release|x86.ActiveCfg = Release|Any CPU
		{52E0389C-3977-475A-BA80-2EB81DC99CC0}.IdentityServer_Release|x86.Build.0 = Release|Any CPU
		{52E0389C-3977-475A-BA80-2EB81DC99CC0}.Release|Any CPU.ActiveCfg = Release|Any CPU
		{52E0389C-3977-475A-BA80-2EB81DC99CC0}.Release|Any CPU.Build.0 = Release|Any CPU
		{52E0389C-3977-475A-BA80-2EB81DC99CC0}.Release|x64.ActiveCfg = Release|Any CPU
		{52E0389C-3977-475A-BA80-2EB81DC99CC0}.Release|x64.Build.0 = Release|Any CPU
		{52E0389C-3977-475A-BA80-2EB81DC99CC0}.Release|x86.ActiveCfg = Release|Any CPU
		{52E0389C-3977-475A-BA80-2EB81DC99CC0}.Release|x86.Build.0 = Release|Any CPU
		{E7CAFE06-A6A8-44B1-A6E6-E73D3F415B73}.Api_Release|Any CPU.ActiveCfg = Release|Any CPU
		{E7CAFE06-A6A8-44B1-A6E6-E73D3F415B73}.Api_Release|Any CPU.Build.0 = Release|Any CPU
		{E7CAFE06-A6A8-44B1-A6E6-E73D3F415B73}.Api_Release|x64.ActiveCfg = Release|Any CPU
		{E7CAFE06-A6A8-44B1-A6E6-E73D3F415B73}.Api_Release|x64.Build.0 = Release|Any CPU
		{E7CAFE06-A6A8-44B1-A6E6-E73D3F415B73}.Api_Release|x86.ActiveCfg = Release|Any CPU
		{E7CAFE06-A6A8-44B1-A6E6-E73D3F415B73}.Api_Release|x86.Build.0 = Release|Any CPU
		{E7CAFE06-A6A8-44B1-A6E6-E73D3F415B73}.Debug|Any CPU.ActiveCfg = Debug|Any CPU
		{E7CAFE06-A6A8-44B1-A6E6-E73D3F415B73}.Debug|Any CPU.Build.0 = Debug|Any CPU
		{E7CAFE06-A6A8-44B1-A6E6-E73D3F415B73}.Debug|x64.ActiveCfg = Debug|Any CPU
		{E7CAFE06-A6A8-44B1-A6E6-E73D3F415B73}.Debug|x64.Build.0 = Debug|Any CPU
		{E7CAFE06-A6A8-44B1-A6E6-E73D3F415B73}.Debug|x86.ActiveCfg = Debug|Any CPU
		{E7CAFE06-A6A8-44B1-A6E6-E73D3F415B73}.Debug|x86.Build.0 = Debug|Any CPU
		{E7CAFE06-A6A8-44B1-A6E6-E73D3F415B73}.IdentityServer_Release|Any CPU.ActiveCfg = Release|Any CPU
		{E7CAFE06-A6A8-44B1-A6E6-E73D3F415B73}.IdentityServer_Release|x64.ActiveCfg = Release|Any CPU
		{E7CAFE06-A6A8-44B1-A6E6-E73D3F415B73}.IdentityServer_Release|x64.Build.0 = Release|Any CPU
		{E7CAFE06-A6A8-44B1-A6E6-E73D3F415B73}.IdentityServer_Release|x86.ActiveCfg = Release|Any CPU
		{E7CAFE06-A6A8-44B1-A6E6-E73D3F415B73}.IdentityServer_Release|x86.Build.0 = Release|Any CPU
		{E7CAFE06-A6A8-44B1-A6E6-E73D3F415B73}.Release|Any CPU.ActiveCfg = Release|Any CPU
		{E7CAFE06-A6A8-44B1-A6E6-E73D3F415B73}.Release|Any CPU.Build.0 = Release|Any CPU
		{E7CAFE06-A6A8-44B1-A6E6-E73D3F415B73}.Release|x64.ActiveCfg = Release|Any CPU
		{E7CAFE06-A6A8-44B1-A6E6-E73D3F415B73}.Release|x64.Build.0 = Release|Any CPU
		{E7CAFE06-A6A8-44B1-A6E6-E73D3F415B73}.Release|x86.ActiveCfg = Release|Any CPU
		{E7CAFE06-A6A8-44B1-A6E6-E73D3F415B73}.Release|x86.Build.0 = Release|Any CPU
		{04A3A021-7F68-40CC-9643-515082C25E94}.Api_Release|Any CPU.ActiveCfg = Release|Any CPU
		{04A3A021-7F68-40CC-9643-515082C25E94}.Api_Release|x64.ActiveCfg = Release|Any CPU
		{04A3A021-7F68-40CC-9643-515082C25E94}.Api_Release|x64.Build.0 = Release|Any CPU
		{04A3A021-7F68-40CC-9643-515082C25E94}.Api_Release|x86.ActiveCfg = Release|Any CPU
		{04A3A021-7F68-40CC-9643-515082C25E94}.Api_Release|x86.Build.0 = Release|Any CPU
		{04A3A021-7F68-40CC-9643-515082C25E94}.Debug|Any CPU.ActiveCfg = Debug|Any CPU
		{04A3A021-7F68-40CC-9643-515082C25E94}.Debug|Any CPU.Build.0 = Debug|Any CPU
		{04A3A021-7F68-40CC-9643-515082C25E94}.Debug|x64.ActiveCfg = Debug|Any CPU
		{04A3A021-7F68-40CC-9643-515082C25E94}.Debug|x64.Build.0 = Debug|Any CPU
		{04A3A021-7F68-40CC-9643-515082C25E94}.Debug|x86.ActiveCfg = Debug|Any CPU
		{04A3A021-7F68-40CC-9643-515082C25E94}.Debug|x86.Build.0 = Debug|Any CPU
		{04A3A021-7F68-40CC-9643-515082C25E94}.IdentityServer_Release|Any CPU.ActiveCfg = Release|Any CPU
		{04A3A021-7F68-40CC-9643-515082C25E94}.IdentityServer_Release|x64.ActiveCfg = Release|Any CPU
		{04A3A021-7F68-40CC-9643-515082C25E94}.IdentityServer_Release|x64.Build.0 = Release|Any CPU
		{04A3A021-7F68-40CC-9643-515082C25E94}.IdentityServer_Release|x86.ActiveCfg = Release|Any CPU
		{04A3A021-7F68-40CC-9643-515082C25E94}.IdentityServer_Release|x86.Build.0 = Release|Any CPU
		{04A3A021-7F68-40CC-9643-515082C25E94}.Release|Any CPU.ActiveCfg = Release|Any CPU
		{04A3A021-7F68-40CC-9643-515082C25E94}.Release|Any CPU.Build.0 = Release|Any CPU
		{04A3A021-7F68-40CC-9643-515082C25E94}.Release|x64.ActiveCfg = Release|Any CPU
		{04A3A021-7F68-40CC-9643-515082C25E94}.Release|x64.Build.0 = Release|Any CPU
		{04A3A021-7F68-40CC-9643-515082C25E94}.Release|x86.ActiveCfg = Release|Any CPU
		{04A3A021-7F68-40CC-9643-515082C25E94}.Release|x86.Build.0 = Release|Any CPU
		{1C3C8CFB-DFA5-4626-9FAD-3134745AF72C}.Api_Release|Any CPU.ActiveCfg = Release|Any CPU
		{1C3C8CFB-DFA5-4626-9FAD-3134745AF72C}.Api_Release|Any CPU.Build.0 = Release|Any CPU
		{1C3C8CFB-DFA5-4626-9FAD-3134745AF72C}.Api_Release|x64.ActiveCfg = Release|Any CPU
		{1C3C8CFB-DFA5-4626-9FAD-3134745AF72C}.Api_Release|x64.Build.0 = Release|Any CPU
		{1C3C8CFB-DFA5-4626-9FAD-3134745AF72C}.Api_Release|x86.ActiveCfg = Release|Any CPU
		{1C3C8CFB-DFA5-4626-9FAD-3134745AF72C}.Api_Release|x86.Build.0 = Release|Any CPU
		{1C3C8CFB-DFA5-4626-9FAD-3134745AF72C}.Debug|Any CPU.ActiveCfg = Debug|Any CPU
		{1C3C8CFB-DFA5-4626-9FAD-3134745AF72C}.Debug|Any CPU.Build.0 = Debug|Any CPU
		{1C3C8CFB-DFA5-4626-9FAD-3134745AF72C}.Debug|x64.ActiveCfg = Debug|Any CPU
		{1C3C8CFB-DFA5-4626-9FAD-3134745AF72C}.Debug|x64.Build.0 = Debug|Any CPU
		{1C3C8CFB-DFA5-4626-9FAD-3134745AF72C}.Debug|x86.ActiveCfg = Debug|Any CPU
		{1C3C8CFB-DFA5-4626-9FAD-3134745AF72C}.Debug|x86.Build.0 = Debug|Any CPU
		{1C3C8CFB-DFA5-4626-9FAD-3134745AF72C}.IdentityServer_Release|Any CPU.ActiveCfg = Release|Any CPU
		{1C3C8CFB-DFA5-4626-9FAD-3134745AF72C}.IdentityServer_Release|Any CPU.Build.0 = Release|Any CPU
		{1C3C8CFB-DFA5-4626-9FAD-3134745AF72C}.IdentityServer_Release|x64.ActiveCfg = Release|Any CPU
		{1C3C8CFB-DFA5-4626-9FAD-3134745AF72C}.IdentityServer_Release|x64.Build.0 = Release|Any CPU
		{1C3C8CFB-DFA5-4626-9FAD-3134745AF72C}.IdentityServer_Release|x86.ActiveCfg = Release|Any CPU
		{1C3C8CFB-DFA5-4626-9FAD-3134745AF72C}.IdentityServer_Release|x86.Build.0 = Release|Any CPU
		{1C3C8CFB-DFA5-4626-9FAD-3134745AF72C}.Release|Any CPU.ActiveCfg = Release|Any CPU
		{1C3C8CFB-DFA5-4626-9FAD-3134745AF72C}.Release|Any CPU.Build.0 = Release|Any CPU
		{1C3C8CFB-DFA5-4626-9FAD-3134745AF72C}.Release|x64.ActiveCfg = Release|Any CPU
		{1C3C8CFB-DFA5-4626-9FAD-3134745AF72C}.Release|x64.Build.0 = Release|Any CPU
		{1C3C8CFB-DFA5-4626-9FAD-3134745AF72C}.Release|x86.ActiveCfg = Release|Any CPU
		{1C3C8CFB-DFA5-4626-9FAD-3134745AF72C}.Release|x86.Build.0 = Release|Any CPU
	EndGlobalSection
	GlobalSection(SolutionProperties) = preSolution
		HideSolutionNode = FALSE
	EndGlobalSection
	GlobalSection(NestedProjects) = preSolution
		{403D3749-1C63-4A24-A482-92955D266CEF} = {29EC4E4A-0882-4018-AA17-7F89CA6C1411}
		{B348E722-D3FD-4485-BC78-8F85E4010A7C} = {29EC4E4A-0882-4018-AA17-7F89CA6C1411}
	EndGlobalSection
	GlobalSection(ExtensibilityGlobals) = postSolution
		SolutionGuid = {BEAAC345-3A91-49B4-9ED0-C9FB631E9A4F}
	EndGlobalSection
EndGlobal
